
Microsoft Visual Studio Solution File, Format Version 12.00
# Visual Studio Version 17
VisualStudioVersion = 17.11.35327.3
MinimumVisualStudioVersion = 10.0.40219.1
Project("{FAE04EC0-301F-11D3-BF4B-00C04F79EFBC}") = "Calculadora IMC", "Calculadora IMC\Calculadora IMC.csproj", "{652C8C4A-E01A-46AB-B008-1D5933C1E9E7}"
EndProject
Global
	GlobalSection(SolutionConfigurationPlatforms) = preSolution
		Debug|Any CPU = Debug|Any CPU
		Release|Any CPU = Release|Any CPU
	EndGlobalSection
	GlobalSection(ProjectConfigurationPlatforms) = postSolution
		{652C8C4A-E01A-46AB-B008-1D5933C1E9E7}.Debug|Any CPU.ActiveCfg = Debug|Any CPU
		{652C8C4A-E01A-46AB-B008-1D5933C1E9E7}.Debug|Any CPU.Build.0 = Debug|Any CPU
		{652C8C4A-E01A-46AB-B008-1D5933C1E9E7}.Release|Any CPU.ActiveCfg = Release|Any CPU
		{652C8C4A-E01A-46AB-B008-1D5933C1E9E7}.Release|Any CPU.Build.0 = Release|Any CPU
	EndGlobalSection
	GlobalSection(SolutionProperties) = preSolution
		HideSolutionNode = FALSE
	EndGlobalSection
	GlobalSection(ExtensibilityGlobals) = postSolution
		SolutionGuid = {A6136D35-40B4-40BD-8246-4362B9EE2BA2}
	EndGlobalSection
EndGlobal
